
Microsoft Visual Studio Solution File, Format Version 12.00
# Visual Studio Version 17
VisualStudioVersion = 17.13.35931.197 d17.13
MinimumVisualStudioVersion = 10.0.40219.1
Project("{FAE04EC0-301F-11D3-BF4B-00C04F79EFBC}") = "ms-notifications", "ms-notifications.csproj", "{6C3334E1-68E2-2892-0D15-C092C29264EC}"
EndProject
Global
	GlobalSection(SolutionConfigurationPlatforms) = preSolution
		Debug|Any CPU = Debug|Any CPU
		Release|Any CPU = Release|Any CPU
	EndGlobalSection
	GlobalSection(ProjectConfigurationPlatforms) = postSolution
		{6C3334E1-68E2-2892-0D15-C092C29264EC}.Debug|Any CPU.ActiveCfg = Debug|Any CPU
		{6C3334E1-68E2-2892-0D15-C092C29264EC}.Debug|Any CPU.Build.0 = Debug|Any CPU
		{6C3334E1-68E2-2892-0D15-C092C29264EC}.Release|Any CPU.ActiveCfg = Release|Any CPU
		{6C3334E1-68E2-2892-0D15-C092C29264EC}.Release|Any CPU.Build.0 = Release|Any CPU
	EndGlobalSection
	GlobalSection(SolutionProperties) = preSolution
		HideSolutionNode = FALSE
	EndGlobalSection
	GlobalSection(ExtensibilityGlobals) = postSolution
		SolutionGuid = {FF25C5E8-F4DA-44EB-9C7A-B5096486DD64}
	EndGlobalSection
EndGlobal
